
Microsoft Visual Studio Solution File, Format Version 12.00
# Visual Studio Version 16
VisualStudioVersion = 16.0.29519.181
MinimumVisualStudioVersion = 10.0.40219.1
Project("{FAE04EC0-301F-11D3-BF4B-00C04F79EFBC}") = "AdoDotNetDisconnectedExamp", "AdoDotNetDisconnectedExamp\AdoDotNetDisconnectedExamp.csproj", "{31D9A18D-B0F4-45D0-8686-A1BCD054B1E4}"
EndProject
Global
	GlobalSection(SolutionConfigurationPlatforms) = preSolution
		Debug|Any CPU = Debug|Any CPU
		Release|Any CPU = Release|Any CPU
	EndGlobalSection
	GlobalSection(ProjectConfigurationPlatforms) = postSolution
		{31D9A18D-B0F4-45D0-8686-A1BCD054B1E4}.Debug|Any CPU.ActiveCfg = Debug|Any CPU
		{31D9A18D-B0F4-45D0-8686-A1BCD054B1E4}.Debug|Any CPU.Build.0 = Debug|Any CPU
		{31D9A18D-B0F4-45D0-8686-A1BCD054B1E4}.Release|Any CPU.ActiveCfg = Release|Any CPU
		{31D9A18D-B0F4-45D0-8686-A1BCD054B1E4}.Release|Any CPU.Build.0 = Release|Any CPU
	EndGlobalSection
	GlobalSection(SolutionProperties) = preSolution
		HideSolutionNode = FALSE
	EndGlobalSection
	GlobalSection(ExtensibilityGlobals) = postSolution
		SolutionGuid = {D5BD51D2-52BF-4990-B722-06487D4B07E9}
	EndGlobalSection
EndGlobal
